
Microsoft Visual Studio Solution File, Format Version 12.00
# Visual Studio Version 17
Project("{2150E333-8FDC-42A3-9474-1A3956D46DE8}") = "CMakePredefinedTargets", "CMakePredefinedTargets", "{72CFA3B9-1475-30C4-A5B9-F402D3BB0A74}"
EndProject
Project("{2150E333-8FDC-42A3-9474-1A3956D46DE8}") = "External", "External", "{613EC058-961C-3558-A21C-29B8470D6BE2}"
EndProject
Project("{2150E333-8FDC-42A3-9474-1A3956D46DE8}") = "Internal", "Internal", "{88014680-5934-3B42-8113-95325FDF16DE}"
EndProject
Project("{2150E333-8FDC-42A3-9474-1A3956D46DE8}") = "Utils", "Utils", "{AF12FB19-190B-39E3-9947-23D623CA4987}"
EndProject
Project("{8BC9CEB8-8B4A-11D0-8D11-00A0C91BC942}") = "ALL_BUILD", "ALL_BUILD.vcxproj", "{4A4BC82E-3F8A-33BA-AA6A-C2199EEC4827}"
	ProjectSection(ProjectDependencies) = postProject
		{9116B8F3-EFA5-34BA-9CB6-7EBDFCF6888C} = {9116B8F3-EFA5-34BA-9CB6-7EBDFCF6888C}
		{1128C8BA-9211-30EF-A4F3-4909FB68DAAE} = {1128C8BA-9211-30EF-A4F3-4909FB68DAAE}
		{0CC98913-2C07-383E-9F68-71961BEFE962} = {0CC98913-2C07-383E-9F68-71961BEFE962}
		{D448FA40-AFD5-39BE-9735-C08278C9A2E1} = {D448FA40-AFD5-39BE-9735-C08278C9A2E1}
		{F73CB020-9104-3CB5-9873-B55D259FBE57} = {F73CB020-9104-3CB5-9873-B55D259FBE57}
		{002049C5-CA4F-3B6A-B318-1B239DDC7C46} = {002049C5-CA4F-3B6A-B318-1B239DDC7C46}
		{3FF72D56-F3E5-3993-9812-3E5E040F18FD} = {3FF72D56-F3E5-3993-9812-3E5E040F18FD}
		{9DD18346-0967-30BC-9E5C-2CE3986A610A} = {9DD18346-0967-30BC-9E5C-2CE3986A610A}
		{6349C852-DA82-33D9-81E5-9B754189D2C8} = {6349C852-DA82-33D9-81E5-9B754189D2C8}
		{D12CE0B9-1CEF-315A-8564-37A54168EEAD} = {D12CE0B9-1CEF-315A-8564-37A54168EEAD}
		{23D46B80-4013-3C00-9C80-C4600EEEF00F} = {23D46B80-4013-3C00-9C80-C4600EEEF00F}
		{FF5442A7-6607-3223-B901-A48C685FB225} = {FF5442A7-6607-3223-B901-A48C685FB225}
		{94A4665F-FC36-30E5-B802-08CBD05C25F5} = {94A4665F-FC36-30E5-B802-08CBD05C25F5}
		{D47D2010-BABF-3483-BF7D-872DA42AB840} = {D47D2010-BABF-3483-BF7D-872DA42AB840}
	EndProjectSection
EndProject
Project("{8BC9CEB8-8B4A-11D0-8D11-00A0C91BC942}") = "SYNC_RESOURCE-testmkv", "SYNC_RESOURCE-testmkv.vcxproj", "{9116B8F3-EFA5-34BA-9CB6-7EBDFCF6888C}"
	ProjectSection(ProjectDependencies) = postProject
	EndProjectSection
EndProject
Project("{8BC9CEB8-8B4A-11D0-8D11-00A0C91BC942}") = "cocos2d", "engine\cocos\core\cocos2d.vcxproj", "{1128C8BA-9211-30EF-A4F3-4909FB68DAAE}"
	ProjectSection(ProjectDependencies) = postProject
		{0CC98913-2C07-383E-9F68-71961BEFE962} = {0CC98913-2C07-383E-9F68-71961BEFE962}
		{D448FA40-AFD5-39BE-9735-C08278C9A2E1} = {D448FA40-AFD5-39BE-9735-C08278C9A2E1}
		{F73CB020-9104-3CB5-9873-B55D259FBE57} = {F73CB020-9104-3CB5-9873-B55D259FBE57}
		{002049C5-CA4F-3B6A-B318-1B239DDC7C46} = {002049C5-CA4F-3B6A-B318-1B239DDC7C46}
		{3FF72D56-F3E5-3993-9812-3E5E040F18FD} = {3FF72D56-F3E5-3993-9812-3E5E040F18FD}
		{9DD18346-0967-30BC-9E5C-2CE3986A610A} = {9DD18346-0967-30BC-9E5C-2CE3986A610A}
		{6349C852-DA82-33D9-81E5-9B754189D2C8} = {6349C852-DA82-33D9-81E5-9B754189D2C8}
		{D12CE0B9-1CEF-315A-8564-37A54168EEAD} = {D12CE0B9-1CEF-315A-8564-37A54168EEAD}
		{23D46B80-4013-3C00-9C80-C4600EEEF00F} = {23D46B80-4013-3C00-9C80-C4600EEEF00F}
		{FF5442A7-6607-3223-B901-A48C685FB225} = {FF5442A7-6607-3223-B901-A48C685FB225}
		{94A4665F-FC36-30E5-B802-08CBD05C25F5} = {94A4665F-FC36-30E5-B802-08CBD05C25F5}
	EndProjectSection
EndProject
Project("{8BC9CEB8-8B4A-11D0-8D11-00A0C91BC942}") = "ext_clipper", "engine\external\clipper\ext_clipper.vcxproj", "{0CC98913-2C07-383E-9F68-71961BEFE962}"
	ProjectSection(ProjectDependencies) = postProject
	EndProjectSection
EndProject
Project("{8BC9CEB8-8B4A-11D0-8D11-00A0C91BC942}") = "ext_convertUTF", "engine\external\ConvertUTF\ext_convertUTF.vcxproj", "{D448FA40-AFD5-39BE-9735-C08278C9A2E1}"
	ProjectSection(ProjectDependencies) = postProject
	EndProjectSection
EndProject
Project("{8BC9CEB8-8B4A-11D0-8D11-00A0C91BC942}") = "ext_edtaa3func", "engine\external\edtaa3func\ext_edtaa3func.vcxproj", "{F73CB020-9104-3CB5-9873-B55D259FBE57}"
	ProjectSection(ProjectDependencies) = postProject
	EndProjectSection
EndProject
Project("{8BC9CEB8-8B4A-11D0-8D11-00A0C91BC942}") = "ext_md5", "engine\external\md5\ext_md5.vcxproj", "{002049C5-CA4F-3B6A-B318-1B239DDC7C46}"
	ProjectSection(ProjectDependencies) = postProject
	EndProjectSection
EndProject
Project("{8BC9CEB8-8B4A-11D0-8D11-00A0C91BC942}") = "ext_poly2tri", "engine\external\poly2tri\ext_poly2tri.vcxproj", "{3FF72D56-F3E5-3993-9812-3E5E040F18FD}"
	ProjectSection(ProjectDependencies) = postProject
	EndProjectSection
EndProject
Project("{8BC9CEB8-8B4A-11D0-8D11-00A0C91BC942}") = "ext_recast", "engine\external\recast\ext_recast.vcxproj", "{9DD18346-0967-30BC-9E5C-2CE3986A610A}"
	ProjectSection(ProjectDependencies) = postProject
	EndProjectSection
EndProject
Project("{8BC9CEB8-8B4A-11D0-8D11-00A0C91BC942}") = "ext_tinyxml2", "engine\external\tinyxml2\ext_tinyxml2.vcxproj", "{6349C852-DA82-33D9-81E5-9B754189D2C8}"
	ProjectSection(ProjectDependencies) = postProject
	EndProjectSection
EndProject
Project("{8BC9CEB8-8B4A-11D0-8D11-00A0C91BC942}") = "ext_unzip", "engine\external\unzip\ext_unzip.vcxproj", "{D12CE0B9-1CEF-315A-8564-37A54168EEAD}"
	ProjectSection(ProjectDependencies) = postProject
	EndProjectSection
EndProject
Project("{8BC9CEB8-8B4A-11D0-8D11-00A0C91BC942}") = "ext_xxhash", "engine\external\xxhash\ext_xxhash.vcxproj", "{23D46B80-4013-3C00-9C80-C4600EEEF00F}"
	ProjectSection(ProjectDependencies) = postProject
	EndProjectSection
EndProject
Project("{8BC9CEB8-8B4A-11D0-8D11-00A0C91BC942}") = "ext_xxtea", "engine\external\xxtea\ext_xxtea.vcxproj", "{FF5442A7-6607-3223-B901-A48C685FB225}"
	ProjectSection(ProjectDependencies) = postProject
	EndProjectSection
EndProject
Project("{8BC9CEB8-8B4A-11D0-8D11-00A0C91BC942}") = "external", "engine\external\external.vcxproj", "{94A4665F-FC36-30E5-B802-08CBD05C25F5}"
	ProjectSection(ProjectDependencies) = postProject
		{0CC98913-2C07-383E-9F68-71961BEFE962} = {0CC98913-2C07-383E-9F68-71961BEFE962}
		{D448FA40-AFD5-39BE-9735-C08278C9A2E1} = {D448FA40-AFD5-39BE-9735-C08278C9A2E1}
		{F73CB020-9104-3CB5-9873-B55D259FBE57} = {F73CB020-9104-3CB5-9873-B55D259FBE57}
		{002049C5-CA4F-3B6A-B318-1B239DDC7C46} = {002049C5-CA4F-3B6A-B318-1B239DDC7C46}
		{3FF72D56-F3E5-3993-9812-3E5E040F18FD} = {3FF72D56-F3E5-3993-9812-3E5E040F18FD}
		{9DD18346-0967-30BC-9E5C-2CE3986A610A} = {9DD18346-0967-30BC-9E5C-2CE3986A610A}
		{6349C852-DA82-33D9-81E5-9B754189D2C8} = {6349C852-DA82-33D9-81E5-9B754189D2C8}
		{D12CE0B9-1CEF-315A-8564-37A54168EEAD} = {D12CE0B9-1CEF-315A-8564-37A54168EEAD}
		{23D46B80-4013-3C00-9C80-C4600EEEF00F} = {23D46B80-4013-3C00-9C80-C4600EEEF00F}
		{FF5442A7-6607-3223-B901-A48C685FB225} = {FF5442A7-6607-3223-B901-A48C685FB225}
	EndProjectSection
EndProject
Project("{8BC9CEB8-8B4A-11D0-8D11-00A0C91BC942}") = "testmkv", "testmkv.vcxproj", "{D47D2010-BABF-3483-BF7D-872DA42AB840}"
	ProjectSection(ProjectDependencies) = postProject
		{9116B8F3-EFA5-34BA-9CB6-7EBDFCF6888C} = {9116B8F3-EFA5-34BA-9CB6-7EBDFCF6888C}
		{1128C8BA-9211-30EF-A4F3-4909FB68DAAE} = {1128C8BA-9211-30EF-A4F3-4909FB68DAAE}
		{0CC98913-2C07-383E-9F68-71961BEFE962} = {0CC98913-2C07-383E-9F68-71961BEFE962}
		{D448FA40-AFD5-39BE-9735-C08278C9A2E1} = {D448FA40-AFD5-39BE-9735-C08278C9A2E1}
		{F73CB020-9104-3CB5-9873-B55D259FBE57} = {F73CB020-9104-3CB5-9873-B55D259FBE57}
		{002049C5-CA4F-3B6A-B318-1B239DDC7C46} = {002049C5-CA4F-3B6A-B318-1B239DDC7C46}
		{3FF72D56-F3E5-3993-9812-3E5E040F18FD} = {3FF72D56-F3E5-3993-9812-3E5E040F18FD}
		{9DD18346-0967-30BC-9E5C-2CE3986A610A} = {9DD18346-0967-30BC-9E5C-2CE3986A610A}
		{6349C852-DA82-33D9-81E5-9B754189D2C8} = {6349C852-DA82-33D9-81E5-9B754189D2C8}
		{D12CE0B9-1CEF-315A-8564-37A54168EEAD} = {D12CE0B9-1CEF-315A-8564-37A54168EEAD}
		{23D46B80-4013-3C00-9C80-C4600EEEF00F} = {23D46B80-4013-3C00-9C80-C4600EEEF00F}
		{FF5442A7-6607-3223-B901-A48C685FB225} = {FF5442A7-6607-3223-B901-A48C685FB225}
		{94A4665F-FC36-30E5-B802-08CBD05C25F5} = {94A4665F-FC36-30E5-B802-08CBD05C25F5}
	EndProjectSection
EndProject
Global
	GlobalSection(SolutionConfigurationPlatforms) = preSolution
		Debug|Win32 = Debug|Win32
		Release|Win32 = Release|Win32
		MinSizeRel|Win32 = MinSizeRel|Win32
		RelWithDebInfo|Win32 = RelWithDebInfo|Win32
	EndGlobalSection
	GlobalSection(ProjectConfigurationPlatforms) = postSolution
		{4A4BC82E-3F8A-33BA-AA6A-C2199EEC4827}.Debug|Win32.ActiveCfg = Debug|Win32
		{4A4BC82E-3F8A-33BA-AA6A-C2199EEC4827}.Release|Win32.ActiveCfg = Release|Win32
		{4A4BC82E-3F8A-33BA-AA6A-C2199EEC4827}.MinSizeRel|Win32.ActiveCfg = MinSizeRel|Win32
		{4A4BC82E-3F8A-33BA-AA6A-C2199EEC4827}.RelWithDebInfo|Win32.ActiveCfg = RelWithDebInfo|Win32
		{9116B8F3-EFA5-34BA-9CB6-7EBDFCF6888C}.Debug|Win32.ActiveCfg = Debug|Win32
		{9116B8F3-EFA5-34BA-9CB6-7EBDFCF6888C}.Debug|Win32.Build.0 = Debug|Win32
		{9116B8F3-EFA5-34BA-9CB6-7EBDFCF6888C}.Release|Win32.ActiveCfg = Release|Win32
		{9116B8F3-EFA5-34BA-9CB6-7EBDFCF6888C}.Release|Win32.Build.0 = Release|Win32
		{9116B8F3-EFA5-34BA-9CB6-7EBDFCF6888C}.MinSizeRel|Win32.ActiveCfg = MinSizeRel|Win32
		{9116B8F3-EFA5-34BA-9CB6-7EBDFCF6888C}.MinSizeRel|Win32.Build.0 = MinSizeRel|Win32
		{9116B8F3-EFA5-34BA-9CB6-7EBDFCF6888C}.RelWithDebInfo|Win32.ActiveCfg = RelWithDebInfo|Win32
		{9116B8F3-EFA5-34BA-9CB6-7EBDFCF6888C}.RelWithDebInfo|Win32.Build.0 = RelWithDebInfo|Win32
		{1128C8BA-9211-30EF-A4F3-4909FB68DAAE}.Debug|Win32.ActiveCfg = Debug|Win32
		{1128C8BA-9211-30EF-A4F3-4909FB68DAAE}.Debug|Win32.Build.0 = Debug|Win32
		{1128C8BA-9211-30EF-A4F3-4909FB68DAAE}.Release|Win32.ActiveCfg = Release|Win32
		{1128C8BA-9211-30EF-A4F3-4909FB68DAAE}.Release|Win32.Build.0 = Release|Win32
		{1128C8BA-9211-30EF-A4F3-4909FB68DAAE}.MinSizeRel|Win32.ActiveCfg = MinSizeRel|Win32
		{1128C8BA-9211-30EF-A4F3-4909FB68DAAE}.MinSizeRel|Win32.Build.0 = MinSizeRel|Win32
		{1128C8BA-9211-30EF-A4F3-4909FB68DAAE}.RelWithDebInfo|Win32.ActiveCfg = RelWithDebInfo|Win32
		{1128C8BA-9211-30EF-A4F3-4909FB68DAAE}.RelWithDebInfo|Win32.Build.0 = RelWithDebInfo|Win32
		{0CC98913-2C07-383E-9F68-71961BEFE962}.Debug|Win32.ActiveCfg = Debug|Win32
		{0CC98913-2C07-383E-9F68-71961BEFE962}.Debug|Win32.Build.0 = Debug|Win32
		{0CC98913-2C07-383E-9F68-71961BEFE962}.Release|Win32.ActiveCfg = Release|Win32
		{0CC98913-2C07-383E-9F68-71961BEFE962}.Release|Win32.Build.0 = Release|Win32
		{0CC98913-2C07-383E-9F68-71961BEFE962}.MinSizeRel|Win32.ActiveCfg = MinSizeRel|Win32
		{0CC98913-2C07-383E-9F68-71961BEFE962}.MinSizeRel|Win32.Build.0 = MinSizeRel|Win32
		{0CC98913-2C07-383E-9F68-71961BEFE962}.RelWithDebInfo|Win32.ActiveCfg = RelWithDebInfo|Win32
		{0CC98913-2C07-383E-9F68-71961BEFE962}.RelWithDebInfo|Win32.Build.0 = RelWithDebInfo|Win32
		{D448FA40-AFD5-39BE-9735-C08278C9A2E1}.Debug|Win32.ActiveCfg = Debug|Win32
		{D448FA40-AFD5-39BE-9735-C08278C9A2E1}.Debug|Win32.Build.0 = Debug|Win32
		{D448FA40-AFD5-39BE-9735-C08278C9A2E1}.Release|Win32.ActiveCfg = Release|Win32
		{D448FA40-AFD5-39BE-9735-C08278C9A2E1}.Release|Win32.Build.0 = Release|Win32
		{D448FA40-AFD5-39BE-9735-C08278C9A2E1}.MinSizeRel|Win32.ActiveCfg = MinSizeRel|Win32
		{D448FA40-AFD5-39BE-9735-C08278C9A2E1}.MinSizeRel|Win32.Build.0 = MinSizeRel|Win32
		{D448FA40-AFD5-39BE-9735-C08278C9A2E1}.RelWithDebInfo|Win32.ActiveCfg = RelWithDebInfo|Win32
		{D448FA40-AFD5-39BE-9735-C08278C9A2E1}.RelWithDebInfo|Win32.Build.0 = RelWithDebInfo|Win32
		{F73CB020-9104-3CB5-9873-B55D259FBE57}.Debug|Win32.ActiveCfg = Debug|Win32
		{F73CB020-9104-3CB5-9873-B55D259FBE57}.Debug|Win32.Build.0 = Debug|Win32
		{F73CB020-9104-3CB5-9873-B55D259FBE57}.Release|Win32.ActiveCfg = Release|Win32
		{F73CB020-9104-3CB5-9873-B55D259FBE57}.Release|Win32.Build.0 = Release|Win32
		{F73CB020-9104-3CB5-9873-B55D259FBE57}.MinSizeRel|Win32.ActiveCfg = MinSizeRel|Win32
		{F73CB020-9104-3CB5-9873-B55D259FBE57}.MinSizeRel|Win32.Build.0 = MinSizeRel|Win32
		{F73CB020-9104-3CB5-9873-B55D259FBE57}.RelWithDebInfo|Win32.ActiveCfg = RelWithDebInfo|Win32
		{F73CB020-9104-3CB5-9873-B55D259FBE57}.RelWithDebInfo|Win32.Build.0 = RelWithDebInfo|Win32
		{002049C5-CA4F-3B6A-B318-1B239DDC7C46}.Debug|Win32.ActiveCfg = Debug|Win32
		{002049C5-CA4F-3B6A-B318-1B239DDC7C46}.Debug|Win32.Build.0 = Debug|Win32
		{002049C5-CA4F-3B6A-B318-1B239DDC7C46}.Release|Win32.ActiveCfg = Release|Win32
		{002049C5-CA4F-3B6A-B318-1B239DDC7C46}.Release|Win32.Build.0 = Release|Win32
		{002049C5-CA4F-3B6A-B318-1B239DDC7C46}.MinSizeRel|Win32.ActiveCfg = MinSizeRel|Win32
		{002049C5-CA4F-3B6A-B318-1B239DDC7C46}.MinSizeRel|Win32.Build.0 = MinSizeRel|Win32
		{002049C5-CA4F-3B6A-B318-1B239DDC7C46}.RelWithDebInfo|Win32.ActiveCfg = RelWithDebInfo|Win32
		{002049C5-CA4F-3B6A-B318-1B239DDC7C46}.RelWithDebInfo|Win32.Build.0 = RelWithDebInfo|Win32
		{3FF72D56-F3E5-3993-9812-3E5E040F18FD}.Debug|Win32.ActiveCfg = Debug|Win32
		{3FF72D56-F3E5-3993-9812-3E5E040F18FD}.Debug|Win32.Build.0 = Debug|Win32
		{3FF72D56-F3E5-3993-9812-3E5E040F18FD}.Release|Win32.ActiveCfg = Release|Win32
		{3FF72D56-F3E5-3993-9812-3E5E040F18FD}.Release|Win32.Build.0 = Release|Win32
		{3FF72D56-F3E5-3993-9812-3E5E040F18FD}.MinSizeRel|Win32.ActiveCfg = MinSizeRel|Win32
		{3FF72D56-F3E5-3993-9812-3E5E040F18FD}.MinSizeRel|Win32.Build.0 = MinSizeRel|Win32
		{3FF72D56-F3E5-3993-9812-3E5E040F18FD}.RelWithDebInfo|Win32.ActiveCfg = RelWithDebInfo|Win32
		{3FF72D56-F3E5-3993-9812-3E5E040F18FD}.RelWithDebInfo|Win32.Build.0 = RelWithDebInfo|Win32
		{9DD18346-0967-30BC-9E5C-2CE3986A610A}.Debug|Win32.ActiveCfg = Debug|Win32
		{9DD18346-0967-30BC-9E5C-2CE3986A610A}.Debug|Win32.Build.0 = Debug|Win32
		{9DD18346-0967-30BC-9E5C-2CE3986A610A}.Release|Win32.ActiveCfg = Release|Win32
		{9DD18346-0967-30BC-9E5C-2CE3986A610A}.Release|Win32.Build.0 = Release|Win32
		{9DD18346-0967-30BC-9E5C-2CE3986A610A}.MinSizeRel|Win32.ActiveCfg = MinSizeRel|Win32
		{9DD18346-0967-30BC-9E5C-2CE3986A610A}.MinSizeRel|Win32.Build.0 = MinSizeRel|Win32
		{9DD18346-0967-30BC-9E5C-2CE3986A610A}.RelWithDebInfo|Win32.ActiveCfg = RelWithDebInfo|Win32
		{9DD18346-0967-30BC-9E5C-2CE3986A610A}.RelWithDebInfo|Win32.Build.0 = RelWithDebInfo|Win32
		{6349C852-DA82-33D9-81E5-9B754189D2C8}.Debug|Win32.ActiveCfg = Debug|Win32
		{6349C852-DA82-33D9-81E5-9B754189D2C8}.Debug|Win32.Build.0 = Debug|Win32
		{6349C852-DA82-33D9-81E5-9B754189D2C8}.Release|Win32.ActiveCfg = Release|Win32
		{6349C852-DA82-33D9-81E5-9B754189D2C8}.Release|Win32.Build.0 = Release|Win32
		{6349C852-DA82-33D9-81E5-9B754189D2C8}.MinSizeRel|Win32.ActiveCfg = MinSizeRel|Win32
		{6349C852-DA82-33D9-81E5-9B754189D2C8}.MinSizeRel|Win32.Build.0 = MinSizeRel|Win32
		{6349C852-DA82-33D9-81E5-9B754189D2C8}.RelWithDebInfo|Win32.ActiveCfg = RelWithDebInfo|Win32
		{6349C852-DA82-33D9-81E5-9B754189D2C8}.RelWithDebInfo|Win32.Build.0 = RelWithDebInfo|Win32
		{D12CE0B9-1CEF-315A-8564-37A54168EEAD}.Debug|Win32.ActiveCfg = Debug|Win32
		{D12CE0B9-1CEF-315A-8564-37A54168EEAD}.Debug|Win32.Build.0 = Debug|Win32
		{D12CE0B9-1CEF-315A-8564-37A54168EEAD}.Release|Win32.ActiveCfg = Release|Win32
		{D12CE0B9-1CEF-315A-8564-37A54168EEAD}.Release|Win32.Build.0 = Release|Win32
		{D12CE0B9-1CEF-315A-8564-37A54168EEAD}.MinSizeRel|Win32.ActiveCfg = MinSizeRel|Win32
		{D12CE0B9-1CEF-315A-8564-37A54168EEAD}.MinSizeRel|Win32.Build.0 = MinSizeRel|Win32
		{D12CE0B9-1CEF-315A-8564-37A54168EEAD}.RelWithDebInfo|Win32.ActiveCfg = RelWithDebInfo|Win32
		{D12CE0B9-1CEF-315A-8564-37A54168EEAD}.RelWithDebInfo|Win32.Build.0 = RelWithDebInfo|Win32
		{23D46B80-4013-3C00-9C80-C4600EEEF00F}.Debug|Win32.ActiveCfg = Debug|Win32
		{23D46B80-4013-3C00-9C80-C4600EEEF00F}.Debug|Win32.Build.0 = Debug|Win32
		{23D46B80-4013-3C00-9C80-C4600EEEF00F}.Release|Win32.ActiveCfg = Release|Win32
		{23D46B80-4013-3C00-9C80-C4600EEEF00F}.Release|Win32.Build.0 = Release|Win32
		{23D46B80-4013-3C00-9C80-C4600EEEF00F}.MinSizeRel|Win32.ActiveCfg = MinSizeRel|Win32
		{23D46B80-4013-3C00-9C80-C4600EEEF00F}.MinSizeRel|Win32.Build.0 = MinSizeRel|Win32
		{23D46B80-4013-3C00-9C80-C4600EEEF00F}.RelWithDebInfo|Win32.ActiveCfg = RelWithDebInfo|Win32
		{23D46B80-4013-3C00-9C80-C4600EEEF00F}.RelWithDebInfo|Win32.Build.0 = RelWithDebInfo|Win32
		{FF5442A7-6607-3223-B901-A48C685FB225}.Debug|Win32.ActiveCfg = Debug|Win32
		{FF5442A7-6607-3223-B901-A48C685FB225}.Debug|Win32.Build.0 = Debug|Win32
		{FF5442A7-6607-3223-B901-A48C685FB225}.Release|Win32.ActiveCfg = Release|Win32
		{FF5442A7-6607-3223-B901-A48C685FB225}.Release|Win32.Build.0 = Release|Win32
		{FF5442A7-6607-3223-B901-A48C685FB225}.MinSizeRel|Win32.ActiveCfg = MinSizeRel|Win32
		{FF5442A7-6607-3223-B901-A48C685FB225}.MinSizeRel|Win32.Build.0 = MinSizeRel|Win32
		{FF5442A7-6607-3223-B901-A48C685FB225}.RelWithDebInfo|Win32.ActiveCfg = RelWithDebInfo|Win32
		{FF5442A7-6607-3223-B901-A48C685FB225}.RelWithDebInfo|Win32.Build.0 = RelWithDebInfo|Win32
		{94A4665F-FC36-30E5-B802-08CBD05C25F5}.Debug|Win32.ActiveCfg = Debug|Win32
		{94A4665F-FC36-30E5-B802-08CBD05C25F5}.Debug|Win32.Build.0 = Debug|Win32
		{94A4665F-FC36-30E5-B802-08CBD05C25F5}.Release|Win32.ActiveCfg = Release|Win32
		{94A4665F-FC36-30E5-B802-08CBD05C25F5}.Release|Win32.Build.0 = Release|Win32
		{94A4665F-FC36-30E5-B802-08CBD05C25F5}.MinSizeRel|Win32.ActiveCfg = MinSizeRel|Win32
		{94A4665F-FC36-30E5-B802-08CBD05C25F5}.MinSizeRel|Win32.Build.0 = MinSizeRel|Win32
		{94A4665F-FC36-30E5-B802-08CBD05C25F5}.RelWithDebInfo|Win32.ActiveCfg = RelWithDebInfo|Win32
		{94A4665F-FC36-30E5-B802-08CBD05C25F5}.RelWithDebInfo|Win32.Build.0 = RelWithDebInfo|Win32
		{D47D2010-BABF-3483-BF7D-872DA42AB840}.Debug|Win32.ActiveCfg = Debug|Win32
		{D47D2010-BABF-3483-BF7D-872DA42AB840}.Debug|Win32.Build.0 = Debug|Win32
		{D47D2010-BABF-3483-BF7D-872DA42AB840}.Release|Win32.ActiveCfg = Release|Win32
		{D47D2010-BABF-3483-BF7D-872DA42AB840}.Release|Win32.Build.0 = Release|Win32
		{D47D2010-BABF-3483-BF7D-872DA42AB840}.MinSizeRel|Win32.ActiveCfg = MinSizeRel|Win32
		{D47D2010-BABF-3483-BF7D-872DA42AB840}.MinSizeRel|Win32.Build.0 = MinSizeRel|Win32
		{D47D2010-BABF-3483-BF7D-872DA42AB840}.RelWithDebInfo|Win32.ActiveCfg = RelWithDebInfo|Win32
		{D47D2010-BABF-3483-BF7D-872DA42AB840}.RelWithDebInfo|Win32.Build.0 = RelWithDebInfo|Win32
	EndGlobalSection
	GlobalSection(NestedProjects) = preSolution
		{4A4BC82E-3F8A-33BA-AA6A-C2199EEC4827} = {72CFA3B9-1475-30C4-A5B9-F402D3BB0A74}
		{0CC98913-2C07-383E-9F68-71961BEFE962} = {613EC058-961C-3558-A21C-29B8470D6BE2}
		{D448FA40-AFD5-39BE-9735-C08278C9A2E1} = {613EC058-961C-3558-A21C-29B8470D6BE2}
		{F73CB020-9104-3CB5-9873-B55D259FBE57} = {613EC058-961C-3558-A21C-29B8470D6BE2}
		{002049C5-CA4F-3B6A-B318-1B239DDC7C46} = {613EC058-961C-3558-A21C-29B8470D6BE2}
		{3FF72D56-F3E5-3993-9812-3E5E040F18FD} = {613EC058-961C-3558-A21C-29B8470D6BE2}
		{9DD18346-0967-30BC-9E5C-2CE3986A610A} = {613EC058-961C-3558-A21C-29B8470D6BE2}
		{6349C852-DA82-33D9-81E5-9B754189D2C8} = {613EC058-961C-3558-A21C-29B8470D6BE2}
		{D12CE0B9-1CEF-315A-8564-37A54168EEAD} = {613EC058-961C-3558-A21C-29B8470D6BE2}
		{23D46B80-4013-3C00-9C80-C4600EEEF00F} = {613EC058-961C-3558-A21C-29B8470D6BE2}
		{FF5442A7-6607-3223-B901-A48C685FB225} = {613EC058-961C-3558-A21C-29B8470D6BE2}
		{94A4665F-FC36-30E5-B802-08CBD05C25F5} = {613EC058-961C-3558-A21C-29B8470D6BE2}
		{1128C8BA-9211-30EF-A4F3-4909FB68DAAE} = {88014680-5934-3B42-8113-95325FDF16DE}
		{9116B8F3-EFA5-34BA-9CB6-7EBDFCF6888C} = {AF12FB19-190B-39E3-9947-23D623CA4987}
	EndGlobalSection
	GlobalSection(ExtensibilityGlobals) = postSolution
		SolutionGuid = {54F5D7BE-7471-3496-A53E-07AF79EEB0CA}
	EndGlobalSection
	GlobalSection(ExtensibilityAddIns) = postSolution
	EndGlobalSection
EndGlobal
